
Microsoft Visual Studio Solution File, Format Version 12.00
# Visual Studio Version 17
VisualStudioVersion = 17.3.32929.385
MinimumVisualStudioVersion = 10.0.40219.1
Project("{9A19103F-16F7-4668-BE54-9A1E7A4F7556}") = "Presentation", "src\Presentation\Presentation.csproj", "{D1B541C0-C16B-496C-AAE1-627A3B345A18}"
EndProject
Project("{2150E333-8FDC-42A3-9474-1A3956D46DE8}") = "src", "src", "{9E49ABFF-266C-4CEB-9698-78871300402E}"
EndProject
Project("{9A19103F-16F7-4668-BE54-9A1E7A4F7556}") = "Sharping", "src\Sharping\Sharping.csproj", "{5872A32E-8464-4D00-A9A2-F61D4219C808}"
EndProject
Project("{9A19103F-16F7-4668-BE54-9A1E7A4F7556}") = "GraphQL", "src\GraphQL\GraphQL.csproj", "{84649215-CFDC-4707-99A4-D2C266A993B2}"
	ProjectSection(ProjectDependencies) = postProject
		{FE5B1824-FAE6-4E1C-8FA7-306B9CC18725} = {FE5B1824-FAE6-4E1C-8FA7-306B9CC18725}
	EndProjectSection
EndProject
Project("{2150E333-8FDC-42A3-9474-1A3956D46DE8}") = "tests", "tests", "{7DB80E9D-DD3E-4EC8-B32E-D438658353FF}"
EndProject
Project("{9A19103F-16F7-4668-BE54-9A1E7A4F7556}") = "Sharping.Tests", "tests\Sharping.Tests\Sharping.Tests.csproj", "{5BF137AA-5034-4F30-B93F-2506EC522808}"
EndProject
Project("{FAE04EC0-301F-11D3-BF4B-00C04F79EFBC}") = "Infrastructure", "src\Infrastructure\Infrastructure.csproj", "{FE5B1824-FAE6-4E1C-8FA7-306B9CC18725}"
EndProject
Global
	GlobalSection(SolutionConfigurationPlatforms) = preSolution
		Debug|Any CPU = Debug|Any CPU
		Release|Any CPU = Release|Any CPU
	EndGlobalSection
	GlobalSection(ProjectConfigurationPlatforms) = postSolution
		{D1B541C0-C16B-496C-AAE1-627A3B345A18}.Debug|Any CPU.ActiveCfg = Debug|Any CPU
		{D1B541C0-C16B-496C-AAE1-627A3B345A18}.Debug|Any CPU.Build.0 = Debug|Any CPU
		{D1B541C0-C16B-496C-AAE1-627A3B345A18}.Release|Any CPU.ActiveCfg = Release|Any CPU
		{D1B541C0-C16B-496C-AAE1-627A3B345A18}.Release|Any CPU.Build.0 = Release|Any CPU
		{5872A32E-8464-4D00-A9A2-F61D4219C808}.Debug|Any CPU.ActiveCfg = Debug|Any CPU
		{5872A32E-8464-4D00-A9A2-F61D4219C808}.Debug|Any CPU.Build.0 = Debug|Any CPU
		{5872A32E-8464-4D00-A9A2-F61D4219C808}.Release|Any CPU.ActiveCfg = Release|Any CPU
		{5872A32E-8464-4D00-A9A2-F61D4219C808}.Release|Any CPU.Build.0 = Release|Any CPU
		{84649215-CFDC-4707-99A4-D2C266A993B2}.Debug|Any CPU.ActiveCfg = Debug|Any CPU
		{84649215-CFDC-4707-99A4-D2C266A993B2}.Debug|Any CPU.Build.0 = Debug|Any CPU
		{84649215-CFDC-4707-99A4-D2C266A993B2}.Release|Any CPU.ActiveCfg = Release|Any CPU
		{84649215-CFDC-4707-99A4-D2C266A993B2}.Release|Any CPU.Build.0 = Release|Any CPU
		{5BF137AA-5034-4F30-B93F-2506EC522808}.Debug|Any CPU.ActiveCfg = Debug|Any CPU
		{5BF137AA-5034-4F30-B93F-2506EC522808}.Debug|Any CPU.Build.0 = Debug|Any CPU
		{5BF137AA-5034-4F30-B93F-2506EC522808}.Release|Any CPU.ActiveCfg = Release|Any CPU
		{5BF137AA-5034-4F30-B93F-2506EC522808}.Release|Any CPU.Build.0 = Release|Any CPU
		{FE5B1824-FAE6-4E1C-8FA7-306B9CC18725}.Debug|Any CPU.ActiveCfg = Debug|Any CPU
		{FE5B1824-FAE6-4E1C-8FA7-306B9CC18725}.Debug|Any CPU.Build.0 = Debug|Any CPU
		{FE5B1824-FAE6-4E1C-8FA7-306B9CC18725}.Release|Any CPU.ActiveCfg = Release|Any CPU
		{FE5B1824-FAE6-4E1C-8FA7-306B9CC18725}.Release|Any CPU.Build.0 = Release|Any CPU
	EndGlobalSection
	GlobalSection(SolutionProperties) = preSolution
		HideSolutionNode = FALSE
	EndGlobalSection
	GlobalSection(NestedProjects) = preSolution
		{D1B541C0-C16B-496C-AAE1-627A3B345A18} = {9E49ABFF-266C-4CEB-9698-78871300402E}
		{5872A32E-8464-4D00-A9A2-F61D4219C808} = {9E49ABFF-266C-4CEB-9698-78871300402E}
		{84649215-CFDC-4707-99A4-D2C266A993B2} = {9E49ABFF-266C-4CEB-9698-78871300402E}
		{5BF137AA-5034-4F30-B93F-2506EC522808} = {7DB80E9D-DD3E-4EC8-B32E-D438658353FF}
		{FE5B1824-FAE6-4E1C-8FA7-306B9CC18725} = {9E49ABFF-266C-4CEB-9698-78871300402E}
	EndGlobalSection
	GlobalSection(ExtensibilityGlobals) = postSolution
		SolutionGuid = {7ED6A8C5-E1D4-46EA-856A-D2B792C91048}
	EndGlobalSection
EndGlobal
